// !$*UTF8*$!
{
	archiveVersion = 1;
	classes = {
	};
	objectVersion = 56;
	objects = {

/* Begin PBXBuildFile section */
		DC0FD5F42A8FB8260082C782 /* SeatMapMarkerView.swift in Sources */ = {isa = PBXBuildFile; fileRef = DC0FD5F32A8FB8260082C782 /* SeatMapMarkerView.swift */; };
		DC0FD5F62A93AA390082C782 /* GoogleService-Info.plist in Resources */ = {isa = PBXBuildFile; fileRef = DC0FD5F52A93AA390082C782 /* GoogleService-Info.plist */; };
		DC0FD5F92A93AB430082C782 /* FirebaseAnalytics in Frameworks */ = {isa = PBXBuildFile; productRef = DC0FD5F82A93AB430082C782 /* FirebaseAnalytics */; };
		DC0FD5FB2A93AB430082C782 /* FirebaseAnalyticsSwift in Frameworks */ = {isa = PBXBuildFile; productRef = DC0FD5FA2A93AB430082C782 /* FirebaseAnalyticsSwift */; };
		DC2E01C62A87DAB700CD5DB1 /* TopNavView.swift in Sources */ = {isa = PBXBuildFile; fileRef = DC2E01C52A87DAB700CD5DB1 /* TopNavView.swift */; };
		DC2E01C82A87DBFE00CD5DB1 /* MyAccountView.swift in Sources */ = {isa = PBXBuildFile; fileRef = DC2E01C72A87DBFE00CD5DB1 /* MyAccountView.swift */; };
		DC2E01CA2A87F68400CD5DB1 /* AddSeatView.swift in Sources */ = {isa = PBXBuildFile; fileRef = DC2E01C92A87F68400CD5DB1 /* AddSeatView.swift */; };
		DC2E01CC2A883D8600CD5DB1 /* DetailedSeatView.swift in Sources */ = {isa = PBXBuildFile; fileRef = DC2E01CB2A883D8600CD5DB1 /* DetailedSeatView.swift */; };
		DC4828422A956F3900CA0B04 /* CameraView.swift in Sources */ = {isa = PBXBuildFile; fileRef = DC4828412A956F3900CA0B04 /* CameraView.swift */; };
		DC4828472A97B0B000CA0B04 /* FirebaseAuth in Frameworks */ = {isa = PBXBuildFile; productRef = DC4828462A97B0B000CA0B04 /* FirebaseAuth */; };
		DC48284A2A97B15600CA0B04 /* AuthenticationView.swift in Sources */ = {isa = PBXBuildFile; fileRef = DC4828492A97B15600CA0B04 /* AuthenticationView.swift */; };
		DC48284C2A97B55300CA0B04 /* SignInEmailView.swift in Sources */ = {isa = PBXBuildFile; fileRef = DC48284B2A97B55300CA0B04 /* SignInEmailView.swift */; };
		DC48284E2A97DA1000CA0B04 /* AuthenticationManager.swift in Sources */ = {isa = PBXBuildFile; fileRef = DC48284D2A97DA1000CA0B04 /* AuthenticationManager.swift */; };
		DC4828502A97E03400CA0B04 /* RootView.swift in Sources */ = {isa = PBXBuildFile; fileRef = DC48284F2A97E03400CA0B04 /* RootView.swift */; };
		DC4828522A97E39800CA0B04 /* SettingsView.swift in Sources */ = {isa = PBXBuildFile; fileRef = DC4828512A97E39800CA0B04 /* SettingsView.swift */; };
		DC52C6982A86C34F0096BA5F /* SeatSearchApp.swift in Sources */ = {isa = PBXBuildFile; fileRef = DC52C6972A86C34F0096BA5F /* SeatSearchApp.swift */; };
		DC52C69A2A86C34F0096BA5F /* MapView.swift in Sources */ = {isa = PBXBuildFile; fileRef = DC52C6992A86C34F0096BA5F /* MapView.swift */; };
		DC52C69C2A86C3500096BA5F /* Assets.xcassets in Resources */ = {isa = PBXBuildFile; fileRef = DC52C69B2A86C3500096BA5F /* Assets.xcassets */; };
		DC52C69F2A86C3500096BA5F /* Preview Assets.xcassets in Resources */ = {isa = PBXBuildFile; fileRef = DC52C69E2A86C3500096BA5F /* Preview Assets.xcassets */; };
		DC52C6A92A86C57E0096BA5F /* Seat.swift in Sources */ = {isa = PBXBuildFile; fileRef = DC52C6A82A86C57E0096BA5F /* Seat.swift */; };
		DC52C6AC2A86EE370096BA5F /* BottomSheet in Frameworks */ = {isa = PBXBuildFile; productRef = DC52C6AB2A86EE370096BA5F /* BottomSheet */; };
		DC52C6AE2A870CF90096BA5F /* BottomSheetView.swift in Sources */ = {isa = PBXBuildFile; fileRef = DC52C6AD2A870CF90096BA5F /* BottomSheetView.swift */; };
		DC52C6B02A8711CD0096BA5F /* SimpleSeatView.swift in Sources */ = {isa = PBXBuildFile; fileRef = DC52C6AF2A8711CC0096BA5F /* SimpleSeatView.swift */; };
		DC6DFE5C2AA9518700069A1E /* FirebaseFirestore in Frameworks */ = {isa = PBXBuildFile; productRef = DC6DFE5B2AA9518700069A1E /* FirebaseFirestore */; };
		DC6DFE5E2AA9518700069A1E /* FirebaseFirestoreSwift in Frameworks */ = {isa = PBXBuildFile; productRef = DC6DFE5D2AA9518700069A1E /* FirebaseFirestoreSwift */; };
		DC6DFE622AAA758E00069A1E /* SettingsViewModel.swift in Sources */ = {isa = PBXBuildFile; fileRef = DC6DFE612AAA758E00069A1E /* SettingsViewModel.swift */; };
		DC6DFE652AAA75CB00069A1E /* AuthenticationViewModel.swift in Sources */ = {isa = PBXBuildFile; fileRef = DC6DFE642AAA75CB00069A1E /* AuthenticationViewModel.swift */; };
		DC6DFE6E2AAAA48A00069A1E /* SeatManager.swift in Sources */ = {isa = PBXBuildFile; fileRef = DC6DFE6D2AAAA48A00069A1E /* SeatManager.swift */; };
		DC8B14D92A8E959100244E8F /* SeatViewModel.swift in Sources */ = {isa = PBXBuildFile; fileRef = DC8B14D82A8E959100244E8F /* SeatViewModel.swift */; };
		DCCA68BF2C757A69009A87C2 /* FirebaseStorage in Frameworks */ = {isa = PBXBuildFile; productRef = DCCA68BE2C757A69009A87C2 /* FirebaseStorage */; };
		DCCB00CD2A990B2C000C0FEF /* GoogleSignIn in Frameworks */ = {isa = PBXBuildFile; productRef = DCCB00CC2A990B2C000C0FEF /* GoogleSignIn */; };
		DCCB00CF2A990B2C000C0FEF /* GoogleSignInSwift in Frameworks */ = {isa = PBXBuildFile; productRef = DCCB00CE2A990B2C000C0FEF /* GoogleSignInSwift */; };
		DCCB00D22A9921A0000C0FEF /* Utilities.swift in Sources */ = {isa = PBXBuildFile; fileRef = DCCB00D12A9921A0000C0FEF /* Utilities.swift */; };
		DCCB00D42A9942DB000C0FEF /* SignInGoogleHelper.swift in Sources */ = {isa = PBXBuildFile; fileRef = DCCB00D32A9942DB000C0FEF /* SignInGoogleHelper.swift */; };
/* End PBXBuildFile section */

/* Begin PBXFileReference section */
		DC0FD5F32A8FB8260082C782 /* SeatMapMarkerView.swift */ = {isa = PBXFileReference; lastKnownFileType = sourcecode.swift; path = SeatMapMarkerView.swift; sourceTree = "<group>"; };
		DC0FD5F52A93AA390082C782 /* GoogleService-Info.plist */ = {isa = PBXFileReference; fileEncoding = 4; lastKnownFileType = text.plist.xml; path = "GoogleService-Info.plist"; sourceTree = "<group>"; };
		DC2E01C52A87DAB700CD5DB1 /* TopNavView.swift */ = {isa = PBXFileReference; lastKnownFileType = sourcecode.swift; path = TopNavView.swift; sourceTree = "<group>"; };
		DC2E01C72A87DBFE00CD5DB1 /* MyAccountView.swift */ = {isa = PBXFileReference; lastKnownFileType = sourcecode.swift; path = MyAccountView.swift; sourceTree = "<group>"; };
		DC2E01C92A87F68400CD5DB1 /* AddSeatView.swift */ = {isa = PBXFileReference; lastKnownFileType = sourcecode.swift; path = AddSeatView.swift; sourceTree = "<group>"; };
		DC2E01CB2A883D8600CD5DB1 /* DetailedSeatView.swift */ = {isa = PBXFileReference; lastKnownFileType = sourcecode.swift; path = DetailedSeatView.swift; sourceTree = "<group>"; };
		DC4828412A956F3900CA0B04 /* CameraView.swift */ = {isa = PBXFileReference; lastKnownFileType = sourcecode.swift; path = CameraView.swift; sourceTree = "<group>"; };
		DC4828492A97B15600CA0B04 /* AuthenticationView.swift */ = {isa = PBXFileReference; lastKnownFileType = sourcecode.swift; path = AuthenticationView.swift; sourceTree = "<group>"; };
		DC48284B2A97B55300CA0B04 /* SignInEmailView.swift */ = {isa = PBXFileReference; lastKnownFileType = sourcecode.swift; path = SignInEmailView.swift; sourceTree = "<group>"; };
		DC48284D2A97DA1000CA0B04 /* AuthenticationManager.swift */ = {isa = PBXFileReference; lastKnownFileType = sourcecode.swift; path = AuthenticationManager.swift; sourceTree = "<group>"; };
		DC48284F2A97E03400CA0B04 /* RootView.swift */ = {isa = PBXFileReference; lastKnownFileType = sourcecode.swift; path = RootView.swift; sourceTree = "<group>"; };
		DC4828512A97E39800CA0B04 /* SettingsView.swift */ = {isa = PBXFileReference; lastKnownFileType = sourcecode.swift; path = SettingsView.swift; sourceTree = "<group>"; };
		DC52C6942A86C34F0096BA5F /* BenchMark.app */ = {isa = PBXFileReference; explicitFileType = wrapper.application; includeInIndex = 0; path = BenchMark.app; sourceTree = BUILT_PRODUCTS_DIR; };
		DC52C6972A86C34F0096BA5F /* SeatSearchApp.swift */ = {isa = PBXFileReference; lastKnownFileType = sourcecode.swift; path = SeatSearchApp.swift; sourceTree = "<group>"; };
		DC52C6992A86C34F0096BA5F /* MapView.swift */ = {isa = PBXFileReference; lastKnownFileType = sourcecode.swift; path = MapView.swift; sourceTree = "<group>"; };
		DC52C69B2A86C3500096BA5F /* Assets.xcassets */ = {isa = PBXFileReference; lastKnownFileType = folder.assetcatalog; path = Assets.xcassets; sourceTree = "<group>"; };
		DC52C69E2A86C3500096BA5F /* Preview Assets.xcassets */ = {isa = PBXFileReference; lastKnownFileType = folder.assetcatalog; path = "Preview Assets.xcassets"; sourceTree = "<group>"; };
		DC52C6A82A86C57E0096BA5F /* Seat.swift */ = {isa = PBXFileReference; lastKnownFileType = sourcecode.swift; path = Seat.swift; sourceTree = "<group>"; };
		DC52C6AD2A870CF90096BA5F /* BottomSheetView.swift */ = {isa = PBXFileReference; lastKnownFileType = sourcecode.swift; path = BottomSheetView.swift; sourceTree = "<group>"; };
		DC52C6AF2A8711CC0096BA5F /* SimpleSeatView.swift */ = {isa = PBXFileReference; lastKnownFileType = sourcecode.swift; path = SimpleSeatView.swift; sourceTree = "<group>"; };
		DC6DFE612AAA758E00069A1E /* SettingsViewModel.swift */ = {isa = PBXFileReference; lastKnownFileType = sourcecode.swift; path = SettingsViewModel.swift; sourceTree = "<group>"; };
		DC6DFE642AAA75CB00069A1E /* AuthenticationViewModel.swift */ = {isa = PBXFileReference; lastKnownFileType = sourcecode.swift; path = AuthenticationViewModel.swift; sourceTree = "<group>"; };
		DC6DFE6D2AAAA48A00069A1E /* SeatManager.swift */ = {isa = PBXFileReference; lastKnownFileType = sourcecode.swift; path = SeatManager.swift; sourceTree = "<group>"; };
		DC8B14D82A8E959100244E8F /* SeatViewModel.swift */ = {isa = PBXFileReference; lastKnownFileType = sourcecode.swift; path = SeatViewModel.swift; sourceTree = "<group>"; };
		DCCB00D12A9921A0000C0FEF /* Utilities.swift */ = {isa = PBXFileReference; lastKnownFileType = sourcecode.swift; path = Utilities.swift; sourceTree = "<group>"; };
		DCCB00D32A9942DB000C0FEF /* SignInGoogleHelper.swift */ = {isa = PBXFileReference; lastKnownFileType = sourcecode.swift; path = SignInGoogleHelper.swift; sourceTree = "<group>"; };
		DCCB089B2A8F159400BBAA84 /* Info.plist */ = {isa = PBXFileReference; lastKnownFileType = text.plist; path = Info.plist; sourceTree = "<group>"; };
/* End PBXFileReference section */

/* Begin PBXFrameworksBuildPhase section */
		DC52C6912A86C34F0096BA5F /* Frameworks */ = {
			isa = PBXFrameworksBuildPhase;
			buildActionMask = 2147483647;
			files = (
				DCCB00CD2A990B2C000C0FEF /* GoogleSignIn in Frameworks */,
				DC0FD5FB2A93AB430082C782 /* FirebaseAnalyticsSwift in Frameworks */,
				DCCA68BF2C757A69009A87C2 /* FirebaseStorage in Frameworks */,
				DC0FD5F92A93AB430082C782 /* FirebaseAnalytics in Frameworks */,
				DCCB00CF2A990B2C000C0FEF /* GoogleSignInSwift in Frameworks */,
				DC52C6AC2A86EE370096BA5F /* BottomSheet in Frameworks */,
				DC4828472A97B0B000CA0B04 /* FirebaseAuth in Frameworks */,
				DC6DFE5C2AA9518700069A1E /* FirebaseFirestore in Frameworks */,
				DC6DFE5E2AA9518700069A1E /* FirebaseFirestoreSwift in Frameworks */,
			);
			runOnlyForDeploymentPostprocessing = 0;
		};
/* End PBXFrameworksBuildPhase section */

/* Begin PBXGroup section */
		DC4828452A97B0B000CA0B04 /* Frameworks */ = {
			isa = PBXGroup;
			children = (
			);
			name = Frameworks;
			sourceTree = "<group>";
		};
		DC4828482A97B14200CA0B04 /* Authentication */ = {
			isa = PBXGroup;
			children = (
				DCCB00D32A9942DB000C0FEF /* SignInGoogleHelper.swift */,
				DC48284D2A97DA1000CA0B04 /* AuthenticationManager.swift */,
			);
			path = Authentication;
			sourceTree = "<group>";
		};
		DC52C68B2A86C34F0096BA5F = {
			isa = PBXGroup;
			children = (
				DC52C6962A86C34F0096BA5F /* SeatSearch */,
				DC52C6952A86C34F0096BA5F /* Products */,
				DC4828452A97B0B000CA0B04 /* Frameworks */,
			);
			sourceTree = "<group>";
		};
		DC52C6952A86C34F0096BA5F /* Products */ = {
			isa = PBXGroup;
			children = (
				DC52C6942A86C34F0096BA5F /* BenchMark.app */,
			);
			name = Products;
			sourceTree = "<group>";
		};
		DC52C6962A86C34F0096BA5F /* SeatSearch */ = {
			isa = PBXGroup;
			children = (
				DC6DFE5F2AAA751600069A1E /* Core */,
				DCCB00D02A99218B000C0FEF /* Utilities */,
				DC4828482A97B14200CA0B04 /* Authentication */,
				DC6DFE6C2AAA783C00069A1E /* Firestore */,
				DCCB089B2A8F159400BBAA84 /* Info.plist */,
				DC52C6A72A86C4F10096BA5F /* ViewModel */,
				DC52C6A62A86C4ED0096BA5F /* View */,
				DC52C6A52A86C4E70096BA5F /* Model */,
				DC52C6972A86C34F0096BA5F /* SeatSearchApp.swift */,
				DC0FD5F52A93AA390082C782 /* GoogleService-Info.plist */,
				DC52C69B2A86C3500096BA5F /* Assets.xcassets */,
				DC52C69D2A86C3500096BA5F /* Preview Content */,
			);
			path = SeatSearch;
			sourceTree = "<group>";
		};
		DC52C69D2A86C3500096BA5F /* Preview Content */ = {
			isa = PBXGroup;
			children = (
				DC52C69E2A86C3500096BA5F /* Preview Assets.xcassets */,
			);
			path = "Preview Content";
			sourceTree = "<group>";
		};
		DC52C6A52A86C4E70096BA5F /* Model */ = {
			isa = PBXGroup;
			children = (
				DC52C6A82A86C57E0096BA5F /* Seat.swift */,
			);
			path = Model;
			sourceTree = "<group>";
		};
		DC52C6A62A86C4ED0096BA5F /* View */ = {
			isa = PBXGroup;
			children = (
				DC52C6992A86C34F0096BA5F /* MapView.swift */,
				DC52C6AD2A870CF90096BA5F /* BottomSheetView.swift */,
				DC52C6AF2A8711CC0096BA5F /* SimpleSeatView.swift */,
				DC2E01C52A87DAB700CD5DB1 /* TopNavView.swift */,
				DC2E01C72A87DBFE00CD5DB1 /* MyAccountView.swift */,
				DC2E01C92A87F68400CD5DB1 /* AddSeatView.swift */,
				DC2E01CB2A883D8600CD5DB1 /* DetailedSeatView.swift */,
				DC0FD5F32A8FB8260082C782 /* SeatMapMarkerView.swift */,
				DC4828412A956F3900CA0B04 /* CameraView.swift */,
			);
			path = View;
			sourceTree = "<group>";
		};
		DC52C6A72A86C4F10096BA5F /* ViewModel */ = {
			isa = PBXGroup;
			children = (
				DC8B14D82A8E959100244E8F /* SeatViewModel.swift */,
			);
			path = ViewModel;
			sourceTree = "<group>";
		};
		DC6DFE5F2AAA751600069A1E /* Core */ = {
			isa = PBXGroup;
			children = (
				DC48284F2A97E03400CA0B04 /* RootView.swift */,
				DC6DFE632AAA75AF00069A1E /* Authentication */,
				DC6DFE672AAA761D00069A1E /* Profile */,
				DC6DFE602AAA757A00069A1E /* Settings */,
			);
			path = Core;
			sourceTree = "<group>";
		};
		DC6DFE602AAA757A00069A1E /* Settings */ = {
			isa = PBXGroup;
			children = (
				DC4828512A97E39800CA0B04 /* SettingsView.swift */,
				DC6DFE612AAA758E00069A1E /* SettingsViewModel.swift */,
			);
			path = Settings;
			sourceTree = "<group>";
		};
		DC6DFE632AAA75AF00069A1E /* Authentication */ = {
			isa = PBXGroup;
			children = (
				DC4828492A97B15600CA0B04 /* AuthenticationView.swift */,
				DC6DFE642AAA75CB00069A1E /* AuthenticationViewModel.swift */,
				DC6DFE662AAA75EB00069A1E /* Subviews */,
			);
			path = Authentication;
			sourceTree = "<group>";
		};
		DC6DFE662AAA75EB00069A1E /* Subviews */ = {
			isa = PBXGroup;
			children = (
				DC48284B2A97B55300CA0B04 /* SignInEmailView.swift */,
			);
			path = Subviews;
			sourceTree = "<group>";
		};
		DC6DFE672AAA761D00069A1E /* Profile */ = {
			isa = PBXGroup;
			children = (
			);
			path = Profile;
			sourceTree = "<group>";
		};
		DC6DFE6C2AAA783C00069A1E /* Firestore */ = {
			isa = PBXGroup;
			children = (
				DC6DFE6D2AAAA48A00069A1E /* SeatManager.swift */,
			);
			path = Firestore;
			sourceTree = "<group>";
		};
		DCCB00D02A99218B000C0FEF /* Utilities */ = {
			isa = PBXGroup;
			children = (
				DCCB00D12A9921A0000C0FEF /* Utilities.swift */,
			);
			path = Utilities;
			sourceTree = "<group>";
		};
/* End PBXGroup section */

/* Begin PBXNativeTarget section */
		DC52C6932A86C34F0096BA5F /* BenchMark */ = {
			isa = PBXNativeTarget;
			buildConfigurationList = DC52C6A22A86C3500096BA5F /* Build configuration list for PBXNativeTarget "BenchMark" */;
			buildPhases = (
				DC52C6902A86C34F0096BA5F /* Sources */,
				DC52C6912A86C34F0096BA5F /* Frameworks */,
				DC52C6922A86C34F0096BA5F /* Resources */,
			);
			buildRules = (
			);
			dependencies = (
			);
			name = BenchMark;
			packageProductDependencies = (
				DC52C6AB2A86EE370096BA5F /* BottomSheet */,
				DC0FD5F82A93AB430082C782 /* FirebaseAnalytics */,
				DC0FD5FA2A93AB430082C782 /* FirebaseAnalyticsSwift */,
				DC4828462A97B0B000CA0B04 /* FirebaseAuth */,
				DCCB00CC2A990B2C000C0FEF /* GoogleSignIn */,
				DCCB00CE2A990B2C000C0FEF /* GoogleSignInSwift */,
				DC6DFE5B2AA9518700069A1E /* FirebaseFirestore */,
				DC6DFE5D2AA9518700069A1E /* FirebaseFirestoreSwift */,
				DCCA68BE2C757A69009A87C2 /* FirebaseStorage */,
			);
			productName = SeatSearch;
			productReference = DC52C6942A86C34F0096BA5F /* BenchMark.app */;
			productType = "com.apple.product-type.application";
		};
/* End PBXNativeTarget section */

/* Begin PBXProject section */
		DC52C68C2A86C34F0096BA5F /* Project object */ = {
			isa = PBXProject;
			attributes = {
				BuildIndependentTargetsInParallel = 1;
				LastSwiftUpdateCheck = 1430;
				LastUpgradeCheck = 1430;
				TargetAttributes = {
					DC52C6932A86C34F0096BA5F = {
						CreatedOnToolsVersion = 14.3.1;
					};
				};
			};
			buildConfigurationList = DC52C68F2A86C34F0096BA5F /* Build configuration list for PBXProject "BenchMark" */;
			compatibilityVersion = "Xcode 14.0";
			developmentRegion = en;
			hasScannedForEncodings = 0;
			knownRegions = (
				en,
				Base,
			);
			mainGroup = DC52C68B2A86C34F0096BA5F;
			packageReferences = (
				DC52C6AA2A86EE370096BA5F /* XCRemoteSwiftPackageReference "BottomSheet" */,
				DC0FD5F72A93AB430082C782 /* XCRemoteSwiftPackageReference "firebase-ios-sdk" */,
				DCCB00CB2A990B2C000C0FEF /* XCRemoteSwiftPackageReference "GoogleSignIn-iOS" */,
			);
			productRefGroup = DC52C6952A86C34F0096BA5F /* Products */;
			projectDirPath = "";
			projectRoot = "";
			targets = (
				DC52C6932A86C34F0096BA5F /* BenchMark */,
			);
		};
/* End PBXProject section */

/* Begin PBXResourcesBuildPhase section */
		DC52C6922A86C34F0096BA5F /* Resources */ = {
			isa = PBXResourcesBuildPhase;
			buildActionMask = 2147483647;
			files = (
				DC52C69F2A86C3500096BA5F /* Preview Assets.xcassets in Resources */,
				DC52C69C2A86C3500096BA5F /* Assets.xcassets in Resources */,
				DC0FD5F62A93AA390082C782 /* GoogleService-Info.plist in Resources */,
			);
			runOnlyForDeploymentPostprocessing = 0;
		};
/* End PBXResourcesBuildPhase section */

/* Begin PBXSourcesBuildPhase section */
		DC52C6902A86C34F0096BA5F /* Sources */ = {
			isa = PBXSourcesBuildPhase;
			buildActionMask = 2147483647;
			files = (
				DC52C69A2A86C34F0096BA5F /* MapView.swift in Sources */,
				DC52C6B02A8711CD0096BA5F /* SimpleSeatView.swift in Sources */,
				DC8B14D92A8E959100244E8F /* SeatViewModel.swift in Sources */,
				DC48284E2A97DA1000CA0B04 /* AuthenticationManager.swift in Sources */,
				DC4828422A956F3900CA0B04 /* CameraView.swift in Sources */,
				DC4828522A97E39800CA0B04 /* SettingsView.swift in Sources */,
				DCCB00D22A9921A0000C0FEF /* Utilities.swift in Sources */,
				DC48284A2A97B15600CA0B04 /* AuthenticationView.swift in Sources */,
				DC52C6AE2A870CF90096BA5F /* BottomSheetView.swift in Sources */,
				DC6DFE652AAA75CB00069A1E /* AuthenticationViewModel.swift in Sources */,
				DC2E01C82A87DBFE00CD5DB1 /* MyAccountView.swift in Sources */,
				DC4828502A97E03400CA0B04 /* RootView.swift in Sources */,
				DCCB00D42A9942DB000C0FEF /* SignInGoogleHelper.swift in Sources */,
				DC52C6982A86C34F0096BA5F /* SeatSearchApp.swift in Sources */,
				DC2E01CA2A87F68400CD5DB1 /* AddSeatView.swift in Sources */,
				DC2E01C62A87DAB700CD5DB1 /* TopNavView.swift in Sources */,
				DC6DFE6E2AAAA48A00069A1E /* SeatManager.swift in Sources */,
				DC6DFE622AAA758E00069A1E /* SettingsViewModel.swift in Sources */,
				DC52C6A92A86C57E0096BA5F /* Seat.swift in Sources */,
				DC0FD5F42A8FB8260082C782 /* SeatMapMarkerView.swift in Sources */,
				DC2E01CC2A883D8600CD5DB1 /* DetailedSeatView.swift in Sources */,
				DC48284C2A97B55300CA0B04 /* SignInEmailView.swift in Sources */,
			);
			runOnlyForDeploymentPostprocessing = 0;
		};
/* End PBXSourcesBuildPhase section */

/* Begin XCBuildConfiguration section */
		DC52C6A02A86C3500096BA5F /* Debug */ = {
			isa = XCBuildConfiguration;
			buildSettings = {
				ALWAYS_SEARCH_USER_PATHS = NO;
				CLANG_ANALYZER_NONNULL = YES;
				CLANG_ANALYZER_NUMBER_OBJECT_CONVERSION = YES_AGGRESSIVE;
				CLANG_CXX_LANGUAGE_STANDARD = "gnu++20";
				CLANG_ENABLE_MODULES = YES;
				CLANG_ENABLE_OBJC_ARC = YES;
				CLANG_ENABLE_OBJC_WEAK = YES;
				CLANG_WARN_BLOCK_CAPTURE_AUTORELEASING = YES;
				CLANG_WARN_BOOL_CONVERSION = YES;
				CLANG_WARN_COMMA = YES;
				CLANG_WARN_CONSTANT_CONVERSION = YES;
				CLANG_WARN_DEPRECATED_OBJC_IMPLEMENTATIONS = YES;
				CLANG_WARN_DIRECT_OBJC_ISA_USAGE = YES_ERROR;
				CLANG_WARN_DOCUMENTATION_COMMENTS = YES;
				CLANG_WARN_EMPTY_BODY = YES;
				CLANG_WARN_ENUM_CONVERSION = YES;
				CLANG_WARN_INFINITE_RECURSION = YES;
				CLANG_WARN_INT_CONVERSION = YES;
				CLANG_WARN_NON_LITERAL_NULL_CONVERSION = YES;
				CLANG_WARN_OBJC_IMPLICIT_RETAIN_SELF = YES;
				CLANG_WARN_OBJC_LITERAL_CONVERSION = YES;
				CLANG_WARN_OBJC_ROOT_CLASS = YES_ERROR;
				CLANG_WARN_QUOTED_INCLUDE_IN_FRAMEWORK_HEADER = YES;
				CLANG_WARN_RANGE_LOOP_ANALYSIS = YES;
				CLANG_WARN_STRICT_PROTOTYPES = YES;
				CLANG_WARN_SUSPICIOUS_MOVE = YES;
				CLANG_WARN_UNGUARDED_AVAILABILITY = YES_AGGRESSIVE;
				CLANG_WARN_UNREACHABLE_CODE = YES;
				CLANG_WARN__DUPLICATE_METHOD_MATCH = YES;
				COPY_PHASE_STRIP = NO;
				DEBUG_INFORMATION_FORMAT = dwarf;
				ENABLE_STRICT_OBJC_MSGSEND = YES;
				ENABLE_TESTABILITY = YES;
				GCC_C_LANGUAGE_STANDARD = gnu11;
				GCC_DYNAMIC_NO_PIC = NO;
				GCC_NO_COMMON_BLOCKS = YES;
				GCC_OPTIMIZATION_LEVEL = 0;
				GCC_PREPROCESSOR_DEFINITIONS = (
					"DEBUG=1",
					"$(inherited)",
				);
				GCC_WARN_64_TO_32_BIT_CONVERSION = YES;
				GCC_WARN_ABOUT_RETURN_TYPE = YES_ERROR;
				GCC_WARN_UNDECLARED_SELECTOR = YES;
				GCC_WARN_UNINITIALIZED_AUTOS = YES_AGGRESSIVE;
				GCC_WARN_UNUSED_FUNCTION = YES;
				GCC_WARN_UNUSED_VARIABLE = YES;
				IPHONEOS_DEPLOYMENT_TARGET = 17.0;
				MTL_ENABLE_DEBUG_INFO = INCLUDE_SOURCE;
				MTL_FAST_MATH = YES;
				ONLY_ACTIVE_ARCH = YES;
				SDKROOT = iphoneos;
				SWIFT_ACTIVE_COMPILATION_CONDITIONS = DEBUG;
				SWIFT_OPTIMIZATION_LEVEL = "-Onone";
			};
			name = Debug;
		};
		DC52C6A12A86C3500096BA5F /* Release */ = {
			isa = XCBuildConfiguration;
			buildSettings = {
				ALWAYS_SEARCH_USER_PATHS = NO;
				CLANG_ANALYZER_NONNULL = YES;
				CLANG_ANALYZER_NUMBER_OBJECT_CONVERSION = YES_AGGRESSIVE;
				CLANG_CXX_LANGUAGE_STANDARD = "gnu++20";
				CLANG_ENABLE_MODULES = YES;
				CLANG_ENABLE_OBJC_ARC = YES;
				CLANG_ENABLE_OBJC_WEAK = YES;
				CLANG_WARN_BLOCK_CAPTURE_AUTORELEASING = YES;
				CLANG_WARN_BOOL_CONVERSION = YES;
				CLANG_WARN_COMMA = YES;
				CLANG_WARN_CONSTANT_CONVERSION = YES;
				CLANG_WARN_DEPRECATED_OBJC_IMPLEMENTATIONS = YES;
				CLANG_WARN_DIRECT_OBJC_ISA_USAGE = YES_ERROR;
				CLANG_WARN_DOCUMENTATION_COMMENTS = YES;
				CLANG_WARN_EMPTY_BODY = YES;
				CLANG_WARN_ENUM_CONVERSION = YES;
				CLANG_WARN_INFINITE_RECURSION = YES;
				CLANG_WARN_INT_CONVERSION = YES;
				CLANG_WARN_NON_LITERAL_NULL_CONVERSION = YES;
				CLANG_WARN_OBJC_IMPLICIT_RETAIN_SELF = YES;
				CLANG_WARN_OBJC_LITERAL_CONVERSION = YES;
				CLANG_WARN_OBJC_ROOT_CLASS = YES_ERROR;
				CLANG_WARN_QUOTED_INCLUDE_IN_FRAMEWORK_HEADER = YES;
				CLANG_WARN_RANGE_LOOP_ANALYSIS = YES;
				CLANG_WARN_STRICT_PROTOTYPES = YES;
				CLANG_WARN_SUSPICIOUS_MOVE = YES;
				CLANG_WARN_UNGUARDED_AVAILABILITY = YES_AGGRESSIVE;
				CLANG_WARN_UNREACHABLE_CODE = YES;
				CLANG_WARN__DUPLICATE_METHOD_MATCH = YES;
				COPY_PHASE_STRIP = NO;
				DEBUG_INFORMATION_FORMAT = "dwarf-with-dsym";
				ENABLE_NS_ASSERTIONS = NO;
				ENABLE_STRICT_OBJC_MSGSEND = YES;
				GCC_C_LANGUAGE_STANDARD = gnu11;
				GCC_NO_COMMON_BLOCKS = YES;
				GCC_WARN_64_TO_32_BIT_CONVERSION = YES;
				GCC_WARN_ABOUT_RETURN_TYPE = YES_ERROR;
				GCC_WARN_UNDECLARED_SELECTOR = YES;
				GCC_WARN_UNINITIALIZED_AUTOS = YES_AGGRESSIVE;
				GCC_WARN_UNUSED_FUNCTION = YES;
				GCC_WARN_UNUSED_VARIABLE = YES;
				IPHONEOS_DEPLOYMENT_TARGET = 17.0;
				MTL_ENABLE_DEBUG_INFO = NO;
				MTL_FAST_MATH = YES;
				SDKROOT = iphoneos;
				SWIFT_COMPILATION_MODE = wholemodule;
				SWIFT_OPTIMIZATION_LEVEL = "-O";
				VALIDATE_PRODUCT = YES;
			};
			name = Release;
		};
		DC52C6A32A86C3500096BA5F /* Debug */ = {
			isa = XCBuildConfiguration;
			buildSettings = {
				ASSETCATALOG_COMPILER_APPICON_NAME = AppIcon;
				ASSETCATALOG_COMPILER_GLOBAL_ACCENT_COLOR_NAME = AccentColor;
				CODE_SIGN_IDENTITY = "Apple Development";
				CODE_SIGN_STYLE = Automatic;
				CURRENT_PROJECT_VERSION = 1;
				DEVELOPMENT_ASSET_PATHS = "\"SeatSearch/Preview Content\"";
				DEVELOPMENT_TEAM = WCDE9ADHH8;
				ENABLE_PREVIEWS = YES;
				GENERATE_INFOPLIST_FILE = YES;
				INFOPLIST_FILE = SeatSearch/Info.plist;
				INFOPLIST_KEY_CFBundleDisplayName = "";
				INFOPLIST_KEY_LSApplicationCategoryType = "";
				INFOPLIST_KEY_NSCameraUsageDescription = "We need access to user camera for adding new seats";
				INFOPLIST_KEY_NSLocationWhenInUseUsageDescription = "Requires user location to display on map and find the nearest seats.";
				INFOPLIST_KEY_NSPhotoLibraryUsageDescription = "We need access to photo library for adding new seats";
				INFOPLIST_KEY_UIApplicationSceneManifest_Generation = YES;
				INFOPLIST_KEY_UIApplicationSupportsIndirectInputEvents = YES;
				INFOPLIST_KEY_UILaunchScreen_Generation = YES;
				INFOPLIST_KEY_UISupportedInterfaceOrientations = UIInterfaceOrientationPortrait;
				INFOPLIST_KEY_UISupportedInterfaceOrientations_iPad = "UIInterfaceOrientationLandscapeLeft UIInterfaceOrientationLandscapeRight UIInterfaceOrientationPortrait UIInterfaceOrientationPortraitUpsideDown";
				IPHONEOS_DEPLOYMENT_TARGET = 17.0;
				LD_RUNPATH_SEARCH_PATHS = (
					"$(inherited)",
					"@executable_path/Frameworks",
				);
				MARKETING_VERSION = 1.01;
				PRODUCT_BUNDLE_IDENTIFIER = jpn.SeatSearchApp;
				PRODUCT_NAME = "$(TARGET_NAME)";
				PROVISIONING_PROFILE_SPECIFIER = "";
				SWIFT_EMIT_LOC_STRINGS = YES;
				SWIFT_VERSION = 5.0;
				TARGETED_DEVICE_FAMILY = "1,2";
			};
			name = Debug;
		};
		DC52C6A42A86C3500096BA5F /* Release */ = {
			isa = XCBuildConfiguration;
			buildSettings = {
				ASSETCATALOG_COMPILER_APPICON_NAME = AppIcon;
				ASSETCATALOG_COMPILER_GLOBAL_ACCENT_COLOR_NAME = AccentColor;
				CODE_SIGN_IDENTITY = "Apple Development";
				CODE_SIGN_STYLE = Automatic;
				CURRENT_PROJECT_VERSION = 1;
				DEVELOPMENT_ASSET_PATHS = "\"SeatSearch/Preview Content\"";
				DEVELOPMENT_TEAM = WCDE9ADHH8;
				ENABLE_PREVIEWS = YES;
				GENERATE_INFOPLIST_FILE = YES;
				INFOPLIST_FILE = SeatSearch/Info.plist;
				INFOPLIST_KEY_CFBundleDisplayName = "";
				INFOPLIST_KEY_LSApplicationCategoryType = "";
				INFOPLIST_KEY_NSCameraUsageDescription = "We need access to user camera for adding new seats";
				INFOPLIST_KEY_NSLocationWhenInUseUsageDescription = "Requires user location to display on map and find the nearest seats.";
				INFOPLIST_KEY_NSPhotoLibraryUsageDescription = "We need access to photo library for adding new seats";
				INFOPLIST_KEY_UIApplicationSceneManifest_Generation = YES;
				INFOPLIST_KEY_UIApplicationSupportsIndirectInputEvents = YES;
				INFOPLIST_KEY_UILaunchScreen_Generation = YES;
				INFOPLIST_KEY_UISupportedInterfaceOrientations = UIInterfaceOrientationPortrait;
				INFOPLIST_KEY_UISupportedInterfaceOrientations_iPad = "UIInterfaceOrientationLandscapeLeft UIInterfaceOrientationLandscapeRight UIInterfaceOrientationPortrait UIInterfaceOrientationPortraitUpsideDown";
				IPHONEOS_DEPLOYMENT_TARGET = 17.0;
				LD_RUNPATH_SEARCH_PATHS = (
					"$(inherited)",
					"@executable_path/Frameworks",
				);
				MARKETING_VERSION = 1.01;
				PRODUCT_BUNDLE_IDENTIFIER = jpn.SeatSearchApp;
				PRODUCT_NAME = "$(TARGET_NAME)";
				PROVISIONING_PROFILE_SPECIFIER = "";
				SWIFT_EMIT_LOC_STRINGS = YES;
				SWIFT_VERSION = 5.0;
				TARGETED_DEVICE_FAMILY = "1,2";
			};
			name = Release;
		};
/* End XCBuildConfiguration section */

/* Begin XCConfigurationList section */
		DC52C68F2A86C34F0096BA5F /* Build configuration list for PBXProject "BenchMark" */ = {
			isa = XCConfigurationList;
			buildConfigurations = (
				DC52C6A02A86C3500096BA5F /* Debug */,
				DC52C6A12A86C3500096BA5F /* Release */,
			);
			defaultConfigurationIsVisible = 0;
			defaultConfigurationName = Release;
		};
		DC52C6A22A86C3500096BA5F /* Build configuration list for PBXNativeTarget "BenchMark" */ = {
			isa = XCConfigurationList;
			buildConfigurations = (
				DC52C6A32A86C3500096BA5F /* Debug */,
				DC52C6A42A86C3500096BA5F /* Release */,
			);
			defaultConfigurationIsVisible = 0;
			defaultConfigurationName = Release;
		};
/* End XCConfigurationList section */

/* Begin XCRemoteSwiftPackageReference section */
		DC0FD5F72A93AB430082C782 /* XCRemoteSwiftPackageReference "firebase-ios-sdk" */ = {
			isa = XCRemoteSwiftPackageReference;
			repositoryURL = "https://github.com/firebase/firebase-ios-sdk";
			requirement = {
				kind = upToNextMajorVersion;
				minimumVersion = 10.0.0;
			};
		};
		DC52C6AA2A86EE370096BA5F /* XCRemoteSwiftPackageReference "BottomSheet" */ = {
			isa = XCRemoteSwiftPackageReference;
			repositoryURL = "https://github.com/lucaszischka/BottomSheet";
			requirement = {
				kind = upToNextMajorVersion;
				minimumVersion = 3.0.0;
			};
		};
		DCCB00CB2A990B2C000C0FEF /* XCRemoteSwiftPackageReference "GoogleSignIn-iOS" */ = {
			isa = XCRemoteSwiftPackageReference;
			repositoryURL = "https://github.com/google/GoogleSignIn-iOS.git";
			requirement = {
				kind = upToNextMajorVersion;
				minimumVersion = 7.0.0;
			};
		};
/* End XCRemoteSwiftPackageReference section */

/* Begin XCSwiftPackageProductDependency section */
		DC0FD5F82A93AB430082C782 /* FirebaseAnalytics */ = {
			isa = XCSwiftPackageProductDependency;
			package = DC0FD5F72A93AB430082C782 /* XCRemoteSwiftPackageReference "firebase-ios-sdk" */;
			productName = FirebaseAnalytics;
		};
		DC0FD5FA2A93AB430082C782 /* FirebaseAnalyticsSwift */ = {
			isa = XCSwiftPackageProductDependency;
			package = DC0FD5F72A93AB430082C782 /* XCRemoteSwiftPackageReference "firebase-ios-sdk" */;
			productName = FirebaseAnalyticsSwift;
		};
		DC4828462A97B0B000CA0B04 /* FirebaseAuth */ = {
			isa = XCSwiftPackageProductDependency;
			package = DC0FD5F72A93AB430082C782 /* XCRemoteSwiftPackageReference "firebase-ios-sdk" */;
			productName = FirebaseAuth;
		};
		DC52C6AB2A86EE370096BA5F /* BottomSheet */ = {
			isa = XCSwiftPackageProductDependency;
			package = DC52C6AA2A86EE370096BA5F /* XCRemoteSwiftPackageReference "BottomSheet" */;
			productName = BottomSheet;
		};
		DC6DFE5B2AA9518700069A1E /* FirebaseFirestore */ = {
			isa = XCSwiftPackageProductDependency;
			package = DC0FD5F72A93AB430082C782 /* XCRemoteSwiftPackageReference "firebase-ios-sdk" */;
			productName = FirebaseFirestore;
		};
		DC6DFE5D2AA9518700069A1E /* FirebaseFirestoreSwift */ = {
			isa = XCSwiftPackageProductDependency;
			package = DC0FD5F72A93AB430082C782 /* XCRemoteSwiftPackageReference "firebase-ios-sdk" */;
			productName = FirebaseFirestoreSwift;
		};
		DCCA68BE2C757A69009A87C2 /* FirebaseStorage */ = {
			isa = XCSwiftPackageProductDependency;
			package = DC0FD5F72A93AB430082C782 /* XCRemoteSwiftPackageReference "firebase-ios-sdk" */;
			productName = FirebaseStorage;
		};
		DCCB00CC2A990B2C000C0FEF /* GoogleSignIn */ = {
			isa = XCSwiftPackageProductDependency;
			package = DCCB00CB2A990B2C000C0FEF /* XCRemoteSwiftPackageReference "GoogleSignIn-iOS" */;
			productName = GoogleSignIn;
		};
		DCCB00CE2A990B2C000C0FEF /* GoogleSignInSwift */ = {
			isa = XCSwiftPackageProductDependency;
			package = DCCB00CB2A990B2C000C0FEF /* XCRemoteSwiftPackageReference "GoogleSignIn-iOS" */;
			productName = GoogleSignInSwift;
		};
/* End XCSwiftPackageProductDependency section */
	};
	rootObject = DC52C68C2A86C34F0096BA5F /* Project object */;
}
